// !$*UTF8*$!
{
	archiveVersion = 1;
	classes = {
	};
	objectVersion = 56;
	objects = {

/* Begin PBXBuildFile section */
		3A0FCD4529FE225500F646F5 /* CEMarvel01App.swift in Sources */ = {isa = PBXBuildFile; fileRef = 3A0FCD4429FE225500F646F5 /* CEMarvel01App.swift */; };
		3A0FCD4729FE225500F646F5 /* ContentView.swift in Sources */ = {isa = PBXBuildFile; fileRef = 3A0FCD4629FE225500F646F5 /* ContentView.swift */; };
		3A0FCD4929FE225700F646F5 /* Assets.xcassets in Resources */ = {isa = PBXBuildFile; fileRef = 3A0FCD4829FE225700F646F5 /* Assets.xcassets */; };
		3A0FCD4C29FE225700F646F5 /* Preview Assets.xcassets in Resources */ = {isa = PBXBuildFile; fileRef = 3A0FCD4B29FE225700F646F5 /* Preview Assets.xcassets */; };
		3A0FCD5329FE232400F646F5 /* MapView.swift in Sources */ = {isa = PBXBuildFile; fileRef = 3A0FCD5229FE232400F646F5 /* MapView.swift */; };
		3A0FCD5529FE234D00F646F5 /* Structure.swift in Sources */ = {isa = PBXBuildFile; fileRef = 3A0FCD5429FE234D00F646F5 /* Structure.swift */; };
		3A0FCD5729FE237200F646F5 /* Structures.swift in Sources */ = {isa = PBXBuildFile; fileRef = 3A0FCD5629FE237200F646F5 /* Structures.swift */; };
		3A0FCD5A29FE270600F646F5 /* structures.json in Resources */ = {isa = PBXBuildFile; fileRef = 3A0FCD5929FE270600F646F5 /* structures.json */; };
/* End PBXBuildFile section */

/* Begin PBXFileReference section */
		3A0FCD4129FE225500F646F5 /* CEMarvel01.app */ = {isa = PBXFileReference; explicitFileType = wrapper.application; includeInIndex = 0; path = CEMarvel01.app; sourceTree = BUILT_PRODUCTS_DIR; };
		3A0FCD4429FE225500F646F5 /* CEMarvel01App.swift */ = {isa = PBXFileReference; lastKnownFileType = sourcecode.swift; path = CEMarvel01App.swift; sourceTree = "<group>"; };
		3A0FCD4629FE225500F646F5 /* ContentView.swift */ = {isa = PBXFileReference; lastKnownFileType = sourcecode.swift; path = ContentView.swift; sourceTree = "<group>"; };
		3A0FCD4829FE225700F646F5 /* Assets.xcassets */ = {isa = PBXFileReference; lastKnownFileType = folder.assetcatalog; path = Assets.xcassets; sourceTree = "<group>"; };
		3A0FCD4B29FE225700F646F5 /* Preview Assets.xcassets */ = {isa = PBXFileReference; lastKnownFileType = folder.assetcatalog; path = "Preview Assets.xcassets"; sourceTree = "<group>"; };
		3A0FCD5229FE232400F646F5 /* MapView.swift */ = {isa = PBXFileReference; lastKnownFileType = sourcecode.swift; path = MapView.swift; sourceTree = "<group>"; };
		3A0FCD5429FE234D00F646F5 /* Structure.swift */ = {isa = PBXFileReference; lastKnownFileType = sourcecode.swift; path = Structure.swift; sourceTree = "<group>"; };
		3A0FCD5629FE237200F646F5 /* Structures.swift */ = {isa = PBXFileReference; lastKnownFileType = sourcecode.swift; path = Structures.swift; sourceTree = "<group>"; };
		3A0FCD5929FE270600F646F5 /* structures.json */ = {isa = PBXFileReference; lastKnownFileType = text.json; path = structures.json; sourceTree = "<group>"; };
/* End PBXFileReference section */

/* Begin PBXFrameworksBuildPhase section */
		3A0FCD3E29FE225500F646F5 /* Frameworks */ = {
			isa = PBXFrameworksBuildPhase;
			buildActionMask = 2147483647;
			files = (
			);
			runOnlyForDeploymentPostprocessing = 0;
		};
/* End PBXFrameworksBuildPhase section */

/* Begin PBXGroup section */
		3A0FCD3829FE225500F646F5 = {
			isa = PBXGroup;
			children = (
				3A0FCD4329FE225500F646F5 /* CEMarvel01 */,
				3A0FCD4229FE225500F646F5 /* Products */,
			);
			sourceTree = "<group>";
		};
		3A0FCD4229FE225500F646F5 /* Products */ = {
			isa = PBXGroup;
			children = (
				3A0FCD4129FE225500F646F5 /* CEMarvel01.app */,
			);
			name = Products;
			sourceTree = "<group>";
		};
		3A0FCD4329FE225500F646F5 /* CEMarvel01 */ = {
			isa = PBXGroup;
			children = (
				3A0FCD4429FE225500F646F5 /* CEMarvel01App.swift */,
				3A0FCD4629FE225500F646F5 /* ContentView.swift */,
				3A0FCD4829FE225700F646F5 /* Assets.xcassets */,
				3A0FCD4A29FE225700F646F5 /* Preview Content */,
				3A0FCD5229FE232400F646F5 /* MapView.swift */,
				3A0FCD5429FE234D00F646F5 /* Structure.swift */,
				3A0FCD5629FE237200F646F5 /* Structures.swift */,
				3A0FCD5929FE270600F646F5 /* structures.json */,
			);
			path = CEMarvel01;
			sourceTree = "<group>";
		};
		3A0FCD4A29FE225700F646F5 /* Preview Content */ = {
			isa = PBXGroup;
			children = (
				3A0FCD4B29FE225700F646F5 /* Preview Assets.xcassets */,
			);
			path = "Preview Content";
			sourceTree = "<group>";
		};
/* End PBXGroup section */

/* Begin PBXNativeTarget section */
		3A0FCD4029FE225500F646F5 /* CEMarvel01 */ = {
			isa = PBXNativeTarget;
			buildConfigurationList = 3A0FCD4F29FE225700F646F5 /* Build configuration list for PBXNativeTarget "CEMarvel01" */;
			buildPhases = (
				3A0FCD3D29FE225500F646F5 /* Sources */,
				3A0FCD3E29FE225500F646F5 /* Frameworks */,
				3A0FCD3F29FE225500F646F5 /* Resources */,
			);
			buildRules = (
			);
			dependencies = (
			);
			name = CEMarvel01;
			productName = CEMarvel01;
			productReference = 3A0FCD4129FE225500F646F5 /* CEMarvel01.app */;
			productType = "com.apple.product-type.application";
		};
/* End PBXNativeTarget section */

/* Begin PBXProject section */
		3A0FCD3929FE225500F646F5 /* Project object */ = {
			isa = PBXProject;
			attributes = {
				BuildIndependentTargetsInParallel = 1;
				LastSwiftUpdateCheck = 1430;
				LastUpgradeCheck = 1430;
				TargetAttributes = {
					3A0FCD4029FE225500F646F5 = {
						CreatedOnToolsVersion = 14.3;
					};
				};
			};
			buildConfigurationList = 3A0FCD3C29FE225500F646F5 /* Build configuration list for PBXProject "CEMarvel01" */;
			compatibilityVersion = "Xcode 14.0";
			developmentRegion = en;
			hasScannedForEncodings = 0;
			knownRegions = (
				en,
				Base,
			);
			mainGroup = 3A0FCD3829FE225500F646F5;
			productRefGroup = 3A0FCD4229FE225500F646F5 /* Products */;
			projectDirPath = "";
			projectRoot = "";
			targets = (
				3A0FCD4029FE225500F646F5 /* CEMarvel01 */,
			);
		};
/* End PBXProject section */

/* Begin PBXResourcesBuildPhase section */
		3A0FCD3F29FE225500F646F5 /* Resources */ = {
			isa = PBXResourcesBuildPhase;
			buildActionMask = 2147483647;
			files = (
				3A0FCD4C29FE225700F646F5 /* Preview Assets.xcassets in Resources */,
				3A0FCD4929FE225700F646F5 /* Assets.xcassets in Resources */,
				3A0FCD5A29FE270600F646F5 /* structures.json in Resources */,
			);
			runOnlyForDeploymentPostprocessing = 0;
		};
/* End PBXResourcesBuildPhase section */

/* Begin PBXSourcesBuildPhase section */
		3A0FCD3D29FE225500F646F5 /* Sources */ = {
			isa = PBXSourcesBuildPhase;
			buildActionMask = 2147483647;
			files = (
				3A0FCD5729FE237200F646F5 /* Structures.swift in Sources */,
				3A0FCD4729FE225500F646F5 /* ContentView.swift in Sources */,
				3A0FCD5329FE232400F646F5 /* MapView.swift in Sources */,
				3A0FCD4529FE225500F646F5 /* CEMarvel01App.swift in Sources */,
				3A0FCD5529FE234D00F646F5 /* Structure.swift in Sources */,
			);
			runOnlyForDeploymentPostprocessing = 0;
		};
/* End PBXSourcesBuildPhase section */

/* Begin XCBuildConfiguration section */
		3A0FCD4D29FE225700F646F5 /* Debug */ = {
			isa = XCBuildConfiguration;
			buildSettings = {
				ALWAYS_SEARCH_USER_PATHS = NO;
				CLANG_ANALYZER_NONNULL = YES;
				CLANG_ANALYZER_NUMBER_OBJECT_CONVERSION = YES_AGGRESSIVE;
				CLANG_CXX_LANGUAGE_STANDARD = "gnu++20";
				CLANG_ENABLE_MODULES = YES;
				CLANG_ENABLE_OBJC_ARC = YES;
				CLANG_ENABLE_OBJC_WEAK = YES;
				CLANG_WARN_BLOCK_CAPTURE_AUTORELEASING = YES;
				CLANG_WARN_BOOL_CONVERSION = YES;
				CLANG_WARN_COMMA = YES;
				CLANG_WARN_CONSTANT_CONVERSION = YES;
				CLANG_WARN_DEPRECATED_OBJC_IMPLEMENTATIONS = YES;
				CLANG_WARN_DIRECT_OBJC_ISA_USAGE = YES_ERROR;
				CLANG_WARN_DOCUMENTATION_COMMENTS = YES;
				CLANG_WARN_EMPTY_BODY = YES;
				CLANG_WARN_ENUM_CONVERSION = YES;
				CLANG_WARN_INFINITE_RECURSION = YES;
				CLANG_WARN_INT_CONVERSION = YES;
				CLANG_WARN_NON_LITERAL_NULL_CONVERSION = YES;
				CLANG_WARN_OBJC_IMPLICIT_RETAIN_SELF = YES;
				CLANG_WARN_OBJC_LITERAL_CONVERSION = YES;
				CLANG_WARN_OBJC_ROOT_CLASS = YES_ERROR;
				CLANG_WARN_QUOTED_INCLUDE_IN_FRAMEWORK_HEADER = YES;
				CLANG_WARN_RANGE_LOOP_ANALYSIS = YES;
				CLANG_WARN_STRICT_PROTOTYPES = YES;
				CLANG_WARN_SUSPICIOUS_MOVE = YES;
				CLANG_WARN_UNGUARDED_AVAILABILITY = YES_AGGRESSIVE;
				CLANG_WARN_UNREACHABLE_CODE = YES;
				CLANG_WARN__DUPLICATE_METHOD_MATCH = YES;
				COPY_PHASE_STRIP = NO;
				DEBUG_INFORMATION_FORMAT = dwarf;
				ENABLE_STRICT_OBJC_MSGSEND = YES;
				ENABLE_TESTABILITY = YES;
				GCC_C_LANGUAGE_STANDARD = gnu11;
				GCC_DYNAMIC_NO_PIC = NO;
				GCC_NO_COMMON_BLOCKS = YES;
				GCC_OPTIMIZATION_LEVEL = 0;
				GCC_PREPROCESSOR_DEFINITIONS = (
					"DEBUG=1",
					"$(inherited)",
				);
				GCC_WARN_64_TO_32_BIT_CONVERSION = YES;
				GCC_WARN_ABOUT_RETURN_TYPE = YES_ERROR;
				GCC_WARN_UNDECLARED_SELECTOR = YES;
				GCC_WARN_UNINITIALIZED_AUTOS = YES_AGGRESSIVE;
				GCC_WARN_UNUSED_FUNCTION = YES;
				GCC_WARN_UNUSED_VARIABLE = YES;
				IPHONEOS_DEPLOYMENT_TARGET = 16.4;
				MTL_ENABLE_DEBUG_INFO = INCLUDE_SOURCE;
				MTL_FAST_MATH = YES;
				ONLY_ACTIVE_ARCH = YES;
				SDKROOT = iphoneos;
				SWIFT_ACTIVE_COMPILATION_CONDITIONS = DEBUG;
				SWIFT_OPTIMIZATION_LEVEL = "-Onone";
			};
			name = Debug;
		};
		3A0FCD4E29FE225700F646F5 /* Release */ = {
			isa = XCBuildConfiguration;
			buildSettings = {
				ALWAYS_SEARCH_USER_PATHS = NO;
				CLANG_ANALYZER_NONNULL = YES;
				CLANG_ANALYZER_NUMBER_OBJECT_CONVERSION = YES_AGGRESSIVE;
				CLANG_CXX_LANGUAGE_STANDARD = "gnu++20";
				CLANG_ENABLE_MODULES = YES;
				CLANG_ENABLE_OBJC_ARC = YES;
				CLANG_ENABLE_OBJC_WEAK = YES;
				CLANG_WARN_BLOCK_CAPTURE_AUTORELEASING = YES;
				CLANG_WARN_BOOL_CONVERSION = YES;
				CLANG_WARN_COMMA = YES;
				CLANG_WARN_CONSTANT_CONVERSION = YES;
				CLANG_WARN_DEPRECATED_OBJC_IMPLEMENTATIONS = YES;
				CLANG_WARN_DIRECT_OBJC_ISA_USAGE = YES_ERROR;
				CLANG_WARN_DOCUMENTATION_COMMENTS = YES;
				CLANG_WARN_EMPTY_BODY = YES;
				CLANG_WARN_ENUM_CONVERSION = YES;
				CLANG_WARN_INFINITE_RECURSION = YES;
				CLANG_WARN_INT_CONVERSION = YES;
				CLANG_WARN_NON_LITERAL_NULL_CONVERSION = YES;
				CLANG_WARN_OBJC_IMPLICIT_RETAIN_SELF = YES;
				CLANG_WARN_OBJC_LITERAL_CONVERSION = YES;
				CLANG_WARN_OBJC_ROOT_CLASS = YES_ERROR;
				CLANG_WARN_QUOTED_INCLUDE_IN_FRAMEWORK_HEADER = YES;
				CLANG_WARN_RANGE_LOOP_ANALYSIS = YES;
				CLANG_WARN_STRICT_PROTOTYPES = YES;
				CLANG_WARN_SUSPICIOUS_MOVE = YES;
				CLANG_WARN_UNGUARDED_AVAILABILITY = YES_AGGRESSIVE;
				CLANG_WARN_UNREACHABLE_CODE = YES;
				CLANG_WARN__DUPLICATE_METHOD_MATCH = YES;
				COPY_PHASE_STRIP = NO;
				DEBUG_INFORMATION_FORMAT = "dwarf-with-dsym";
				ENABLE_NS_ASSERTIONS = NO;
				ENABLE_STRICT_OBJC_MSGSEND = YES;
				GCC_C_LANGUAGE_STANDARD = gnu11;
				GCC_NO_COMMON_BLOCKS = YES;
				GCC_WARN_64_TO_32_BIT_CONVERSION = YES;
				GCC_WARN_ABOUT_RETURN_TYPE = YES_ERROR;
				GCC_WARN_UNDECLARED_SELECTOR = YES;
				GCC_WARN_UNINITIALIZED_AUTOS = YES_AGGRESSIVE;
				GCC_WARN_UNUSED_FUNCTION = YES;
				GCC_WARN_UNUSED_VARIABLE = YES;
				IPHONEOS_DEPLOYMENT_TARGET = 16.4;
				MTL_ENABLE_DEBUG_INFO = NO;
				MTL_FAST_MATH = YES;
				SDKROOT = iphoneos;
				SWIFT_COMPILATION_MODE = wholemodule;
				SWIFT_OPTIMIZATION_LEVEL = "-O";
				VALIDATE_PRODUCT = YES;
			};
			name = Release;
		};
		3A0FCD5029FE225700F646F5 /* Debug */ = {
			isa = XCBuildConfiguration;
			buildSettings = {
				ASSETCATALOG_COMPILER_APPICON_NAME = AppIcon;
				ASSETCATALOG_COMPILER_GLOBAL_ACCENT_COLOR_NAME = AccentColor;
				CODE_SIGN_STYLE = Automatic;
				CURRENT_PROJECT_VERSION = 1;
				DEVELOPMENT_ASSET_PATHS = "\"CEMarvel01/Preview Content\"";
				DEVELOPMENT_TEAM = XTW5GP22KF;
				ENABLE_PREVIEWS = YES;
				GENERATE_INFOPLIST_FILE = YES;
				INFOPLIST_KEY_UIApplicationSceneManifest_Generation = YES;
				INFOPLIST_KEY_UIApplicationSupportsIndirectInputEvents = YES;
				INFOPLIST_KEY_UILaunchScreen_Generation = YES;
				INFOPLIST_KEY_UISupportedInterfaceOrientations_iPad = "UIInterfaceOrientationPortrait UIInterfaceOrientationPortraitUpsideDown UIInterfaceOrientationLandscapeLeft UIInterfaceOrientationLandscapeRight";
				INFOPLIST_KEY_UISupportedInterfaceOrientations_iPhone = "UIInterfaceOrientationPortrait UIInterfaceOrientationLandscapeLeft UIInterfaceOrientationLandscapeRight";
				LD_RUNPATH_SEARCH_PATHS = (
					"$(inherited)",
					"@executable_path/Frameworks",
				);
				MARKETING_VERSION = 1.0;
				PRODUCT_BUNDLE_IDENTIFIER = com.hello.CEMarvel01;
				PRODUCT_NAME = "$(TARGET_NAME)";
				SWIFT_EMIT_LOC_STRINGS = YES;
				SWIFT_VERSION = 5.0;
				TARGETED_DEVICE_FAMILY = "1,2";
			};
			name = Debug;
		};
		3A0FCD5129FE225700F646F5 /* Release */ = {
			isa = XCBuildConfiguration;
			buildSettings = {
				ASSETCATALOG_COMPILER_APPICON_NAME = AppIcon;
				ASSETCATALOG_COMPILER_GLOBAL_ACCENT_COLOR_NAME = AccentColor;
				CODE_SIGN_STYLE = Automatic;
				CURRENT_PROJECT_VERSION = 1;
				DEVELOPMENT_ASSET_PATHS = "\"CEMarvel01/Preview Content\"";
				DEVELOPMENT_TEAM = XTW5GP22KF;
				ENABLE_PREVIEWS = YES;
				GENERATE_INFOPLIST_FILE = YES;
				INFOPLIST_KEY_UIApplicationSceneManifest_Generation = YES;
				INFOPLIST_KEY_UIApplicationSupportsIndirectInputEvents = YES;
				INFOPLIST_KEY_UILaunchScreen_Generation = YES;
				INFOPLIST_KEY_UISupportedInterfaceOrientations_iPad = "UIInterfaceOrientationPortrait UIInterfaceOrientationPortraitUpsideDown UIInterfaceOrientationLandscapeLeft UIInterfaceOrientationLandscapeRight";
				INFOPLIST_KEY_UISupportedInterfaceOrientations_iPhone = "UIInterfaceOrientationPortrait UIInterfaceOrientationLandscapeLeft UIInterfaceOrientationLandscapeRight";
				LD_RUNPATH_SEARCH_PATHS = (
					"$(inherited)",
					"@executable_path/Frameworks",
				);
				MARKETING_VERSION = 1.0;
				PRODUCT_BUNDLE_IDENTIFIER = com.hello.CEMarvel01;
				PRODUCT_NAME = "$(TARGET_NAME)";
				SWIFT_EMIT_LOC_STRINGS = YES;
				SWIFT_VERSION = 5.0;
				TARGETED_DEVICE_FAMILY = "1,2";
			};
			name = Release;
		};
/* End XCBuildConfiguration section */

/* Begin XCConfigurationList section */
		3A0FCD3C29FE225500F646F5 /* Build configuration list for PBXProject "CEMarvel01" */ = {
			isa = XCConfigurationList;
			buildConfigurations = (
				3A0FCD4D29FE225700F646F5 /* Debug */,
				3A0FCD4E29FE225700F646F5 /* Release */,
			);
			defaultConfigurationIsVisible = 0;
			defaultConfigurationName = Release;
		};
		3A0FCD4F29FE225700F646F5 /* Build configuration list for PBXNativeTarget "CEMarvel01" */ = {
			isa = XCConfigurationList;
			buildConfigurations = (
				3A0FCD5029FE225700F646F5 /* Debug */,
				3A0FCD5129FE225700F646F5 /* Release */,
			);
			defaultConfigurationIsVisible = 0;
			defaultConfigurationName = Release;
		};
/* End XCConfigurationList section */
	};
	rootObject = 3A0FCD3929FE225500F646F5 /* Project object */;
}
